
Microsoft Visual Studio Solution File, Format Version 12.00
# Visual Studio Version 16
VisualStudioVersion = 25.0.1705.4
MinimumVisualStudioVersion = 10.0.40219.1
Project("{FAE04EC0-301F-11D3-BF4B-00C04F79EFBC}") = "SignalRApi", "SignalRApi\SignalRApi.csproj", "{CE8C228F-2A7E-4906-AD1F-89430A6F0F1D}"
EndProject
Global
	GlobalSection(SolutionConfigurationPlatforms) = preSolution
		Debug|Any CPU = Debug|Any CPU
		Release|Any CPU = Release|Any CPU
	EndGlobalSection
	GlobalSection(ProjectConfigurationPlatforms) = postSolution
		{CE8C228F-2A7E-4906-AD1F-89430A6F0F1D}.Debug|Any CPU.ActiveCfg = Debug|Any CPU
		{CE8C228F-2A7E-4906-AD1F-89430A6F0F1D}.Debug|Any CPU.Build.0 = Debug|Any CPU
		{CE8C228F-2A7E-4906-AD1F-89430A6F0F1D}.Release|Any CPU.ActiveCfg = Release|Any CPU
		{CE8C228F-2A7E-4906-AD1F-89430A6F0F1D}.Release|Any CPU.Build.0 = Release|Any CPU
	EndGlobalSection
	GlobalSection(SolutionProperties) = preSolution
		HideSolutionNode = FALSE
	EndGlobalSection
	GlobalSection(ExtensibilityGlobals) = postSolution
		SolutionGuid = {50B5B30B-5460-4B77-9E67-DBE5E7C87260}
	EndGlobalSection
EndGlobal
