
Microsoft Visual Studio Solution File, Format Version 12.00
# Visual Studio Version 16
VisualStudioVersion = 25.0.1705.4
MinimumVisualStudioVersion = 10.0.40219.1
Project("{FAE04EC0-301F-11D3-BF4B-00C04F79EFBC}") = "SignalRApi", "SignalRApi\SignalRApi.csproj", "{CE8C228F-2A7E-4906-AD1F-89430A6F0F1D}"
EndProject
Project("{FAE04EC0-301F-11D3-BF4B-00C04F79EFBC}") = "SignalR.Api.Model", "SignalR.Api.Model\SignalR.Api.Model.csproj", "{00A04EAA-5495-4F98-976F-C380598CC8CD}"
EndProject
Project("{2150E333-8FDC-42A3-9474-1A3956D46DE8}") = "Abstractions", "Abstractions", "{8FB9EE0E-721A-47A1-860E-CC8F434900AB}"
EndProject
Project("{FAE04EC0-301F-11D3-BF4B-00C04F79EFBC}") = "SignalR.Core.Abstraction", "SignalR.Core.Abstraction\SignalR.Core.Abstraction.csproj", "{8A68B1E8-FD9A-4C82-BFF9-64006F245425}"
EndProject
Project("{2150E333-8FDC-42A3-9474-1A3956D46DE8}") = "Core", "Core", "{D4032DFF-1FE8-4D1D-9265-6B9D5C7F491F}"
EndProject
Project("{FAE04EC0-301F-11D3-BF4B-00C04F79EFBC}") = "SignalR.Core", "SignalR.Core\SignalR.Core.csproj", "{67D54880-C621-487C-9D61-E80C231DC138}"
EndProject
Project("{2150E333-8FDC-42A3-9474-1A3956D46DE8}") = "Database", "Database", "{FB2A4AAC-73F5-4F95-9826-A7365BDE0F77}"
EndProject
Project("{FAE04EC0-301F-11D3-BF4B-00C04F79EFBC}") = "SignalR.Database", "SignalR.Database\SignalR.Database.csproj", "{C8893DCD-FF37-4D8B-A0FE-B720392035A0}"
EndProject
Project("{2150E333-8FDC-42A3-9474-1A3956D46DE8}") = "Shared", "Shared", "{23EC9545-0353-4718-A381-A158B0C89535}"
EndProject
Project("{FAE04EC0-301F-11D3-BF4B-00C04F79EFBC}") = "SignalR.Shared", "SignalR.Shared\SignalR.Shared.csproj", "{C6DD11BB-7992-4FF5-86D1-53464DAFF0BD}"
EndProject
Project("{E53339B2-1760-4266-BCC7-CA923CBCF16C}") = "docker-compose", "docker-compose.dcproj", "{95741D55-356B-4B0E-ACEB-9BF7CA7773C3}"
EndProject
Global
	GlobalSection(SolutionConfigurationPlatforms) = preSolution
		Debug|Any CPU = Debug|Any CPU
		Release|Any CPU = Release|Any CPU
	EndGlobalSection
	GlobalSection(ProjectConfigurationPlatforms) = postSolution
		{CE8C228F-2A7E-4906-AD1F-89430A6F0F1D}.Debug|Any CPU.ActiveCfg = Debug|Any CPU
		{CE8C228F-2A7E-4906-AD1F-89430A6F0F1D}.Debug|Any CPU.Build.0 = Debug|Any CPU
		{CE8C228F-2A7E-4906-AD1F-89430A6F0F1D}.Release|Any CPU.ActiveCfg = Release|Any CPU
		{CE8C228F-2A7E-4906-AD1F-89430A6F0F1D}.Release|Any CPU.Build.0 = Release|Any CPU
		{00A04EAA-5495-4F98-976F-C380598CC8CD}.Debug|Any CPU.ActiveCfg = Debug|Any CPU
		{00A04EAA-5495-4F98-976F-C380598CC8CD}.Debug|Any CPU.Build.0 = Debug|Any CPU
		{00A04EAA-5495-4F98-976F-C380598CC8CD}.Release|Any CPU.ActiveCfg = Release|Any CPU
		{00A04EAA-5495-4F98-976F-C380598CC8CD}.Release|Any CPU.Build.0 = Release|Any CPU
		{8A68B1E8-FD9A-4C82-BFF9-64006F245425}.Debug|Any CPU.ActiveCfg = Debug|Any CPU
		{8A68B1E8-FD9A-4C82-BFF9-64006F245425}.Debug|Any CPU.Build.0 = Debug|Any CPU
		{8A68B1E8-FD9A-4C82-BFF9-64006F245425}.Release|Any CPU.ActiveCfg = Release|Any CPU
		{8A68B1E8-FD9A-4C82-BFF9-64006F245425}.Release|Any CPU.Build.0 = Release|Any CPU
		{67D54880-C621-487C-9D61-E80C231DC138}.Debug|Any CPU.ActiveCfg = Debug|Any CPU
		{67D54880-C621-487C-9D61-E80C231DC138}.Debug|Any CPU.Build.0 = Debug|Any CPU
		{67D54880-C621-487C-9D61-E80C231DC138}.Release|Any CPU.ActiveCfg = Release|Any CPU
		{67D54880-C621-487C-9D61-E80C231DC138}.Release|Any CPU.Build.0 = Release|Any CPU
		{C8893DCD-FF37-4D8B-A0FE-B720392035A0}.Debug|Any CPU.ActiveCfg = Debug|Any CPU
		{C8893DCD-FF37-4D8B-A0FE-B720392035A0}.Debug|Any CPU.Build.0 = Debug|Any CPU
		{C8893DCD-FF37-4D8B-A0FE-B720392035A0}.Release|Any CPU.ActiveCfg = Release|Any CPU
		{C8893DCD-FF37-4D8B-A0FE-B720392035A0}.Release|Any CPU.Build.0 = Release|Any CPU
		{C6DD11BB-7992-4FF5-86D1-53464DAFF0BD}.Debug|Any CPU.ActiveCfg = Debug|Any CPU
		{C6DD11BB-7992-4FF5-86D1-53464DAFF0BD}.Debug|Any CPU.Build.0 = Debug|Any CPU
		{C6DD11BB-7992-4FF5-86D1-53464DAFF0BD}.Release|Any CPU.ActiveCfg = Release|Any CPU
		{C6DD11BB-7992-4FF5-86D1-53464DAFF0BD}.Release|Any CPU.Build.0 = Release|Any CPU
		{95741D55-356B-4B0E-ACEB-9BF7CA7773C3}.Debug|Any CPU.ActiveCfg = Debug|Any CPU
		{95741D55-356B-4B0E-ACEB-9BF7CA7773C3}.Debug|Any CPU.Build.0 = Debug|Any CPU
		{95741D55-356B-4B0E-ACEB-9BF7CA7773C3}.Release|Any CPU.ActiveCfg = Release|Any CPU
		{95741D55-356B-4B0E-ACEB-9BF7CA7773C3}.Release|Any CPU.Build.0 = Release|Any CPU
	EndGlobalSection
	GlobalSection(SolutionProperties) = preSolution
		HideSolutionNode = FALSE
	EndGlobalSection
	GlobalSection(ExtensibilityGlobals) = postSolution
		SolutionGuid = {50B5B30B-5460-4B77-9E67-DBE5E7C87260}
	EndGlobalSection
	GlobalSection(NestedProjects) = preSolution
		{8A68B1E8-FD9A-4C82-BFF9-64006F245425} = {8FB9EE0E-721A-47A1-860E-CC8F434900AB}
		{67D54880-C621-487C-9D61-E80C231DC138} = {D4032DFF-1FE8-4D1D-9265-6B9D5C7F491F}
		{C8893DCD-FF37-4D8B-A0FE-B720392035A0} = {FB2A4AAC-73F5-4F95-9826-A7365BDE0F77}
		{C6DD11BB-7992-4FF5-86D1-53464DAFF0BD} = {23EC9545-0353-4718-A381-A158B0C89535}
	EndGlobalSection
EndGlobal
